// !$*UTF8*$!
{
	archiveVersion = 1;
	classes = {
	};
	objectVersion = 50;
	objects = {

/* Begin PBXBuildFile section */
		FA6DC19925E536F000640A63 /* AppDelegate.swift in Sources */ = {isa = PBXBuildFile; fileRef = FA6DC19825E536F000640A63 /* AppDelegate.swift */; };
		FA6DC19B25E536F000640A63 /* SceneDelegate.swift in Sources */ = {isa = PBXBuildFile; fileRef = FA6DC19A25E536F000640A63 /* SceneDelegate.swift */; };
		FA6DC19D25E536F000640A63 /* ViewController.swift in Sources */ = {isa = PBXBuildFile; fileRef = FA6DC19C25E536F000640A63 /* ViewController.swift */; };
		FA6DC1A025E536F000640A63 /* Main.storyboard in Resources */ = {isa = PBXBuildFile; fileRef = FA6DC19E25E536F000640A63 /* Main.storyboard */; };
		FA6DC1A325E536F000640A63 /* WestCoast.xcdatamodeld in Sources */ = {isa = PBXBuildFile; fileRef = FA6DC1A125E536F000640A63 /* WestCoast.xcdatamodeld */; };
		FA6DC1A525E536F200640A63 /* Assets.xcassets in Resources */ = {isa = PBXBuildFile; fileRef = FA6DC1A425E536F200640A63 /* Assets.xcassets */; };
		FA6DC1A825E536F200640A63 /* LaunchScreen.storyboard in Resources */ = {isa = PBXBuildFile; fileRef = FA6DC1A625E536F200640A63 /* LaunchScreen.storyboard */; };
/* End PBXBuildFile section */

/* Begin PBXFileReference section */
		FA6DC19525E536F000640A63 /* WestCoast.app */ = {isa = PBXFileReference; explicitFileType = wrapper.application; includeInIndex = 0; path = WestCoast.app; sourceTree = BUILT_PRODUCTS_DIR; };
		FA6DC19825E536F000640A63 /* AppDelegate.swift */ = {isa = PBXFileReference; lastKnownFileType = sourcecode.swift; path = AppDelegate.swift; sourceTree = "<group>"; };
		FA6DC19A25E536F000640A63 /* SceneDelegate.swift */ = {isa = PBXFileReference; lastKnownFileType = sourcecode.swift; path = SceneDelegate.swift; sourceTree = "<group>"; };
		FA6DC19C25E536F000640A63 /* ViewController.swift */ = {isa = PBXFileReference; lastKnownFileType = sourcecode.swift; path = ViewController.swift; sourceTree = "<group>"; };
		FA6DC19F25E536F000640A63 /* Base */ = {isa = PBXFileReference; lastKnownFileType = file.storyboard; name = Base; path = Base.lproj/Main.storyboard; sourceTree = "<group>"; };
		FA6DC1A225E536F000640A63 /* WestCoast.xcdatamodel */ = {isa = PBXFileReference; lastKnownFileType = wrapper.xcdatamodel; path = WestCoast.xcdatamodel; sourceTree = "<group>"; };
		FA6DC1A425E536F200640A63 /* Assets.xcassets */ = {isa = PBXFileReference; lastKnownFileType = folder.assetcatalog; path = Assets.xcassets; sourceTree = "<group>"; };
		FA6DC1A725E536F200640A63 /* Base */ = {isa = PBXFileReference; lastKnownFileType = file.storyboard; name = Base; path = Base.lproj/LaunchScreen.storyboard; sourceTree = "<group>"; };
		FA6DC1A925E536F200640A63 /* Info.plist */ = {isa = PBXFileReference; lastKnownFileType = text.plist.xml; path = Info.plist; sourceTree = "<group>"; };
/* End PBXFileReference section */

/* Begin PBXFrameworksBuildPhase section */
		FA6DC19225E536F000640A63 /* Frameworks */ = {
			isa = PBXFrameworksBuildPhase;
			buildActionMask = 2147483647;
			files = (
			);
			runOnlyForDeploymentPostprocessing = 0;
		};
/* End PBXFrameworksBuildPhase section */

/* Begin PBXGroup section */
		FA6DC18C25E536F000640A63 = {
			isa = PBXGroup;
			children = (
				FA6DC19725E536F000640A63 /* WestCoast */,
				FA6DC19625E536F000640A63 /* Products */,
			);
			sourceTree = "<group>";
		};
		FA6DC19625E536F000640A63 /* Products */ = {
			isa = PBXGroup;
			children = (
				FA6DC19525E536F000640A63 /* WestCoast.app */,
			);
			name = Products;
			sourceTree = "<group>";
		};
		FA6DC19725E536F000640A63 /* WestCoast */ = {
			isa = PBXGroup;
			children = (
				FA6DC19825E536F000640A63 /* AppDelegate.swift */,
				FA6DC19A25E536F000640A63 /* SceneDelegate.swift */,
				FA6DC19C25E536F000640A63 /* ViewController.swift */,
				FA6DC19E25E536F000640A63 /* Main.storyboard */,
				FA6DC1A425E536F200640A63 /* Assets.xcassets */,
				FA6DC1A625E536F200640A63 /* LaunchScreen.storyboard */,
				FA6DC1A925E536F200640A63 /* Info.plist */,
				FA6DC1A125E536F000640A63 /* WestCoast.xcdatamodeld */,
			);
			path = WestCoast;
			sourceTree = "<group>";
		};
/* End PBXGroup section */

/* Begin PBXNativeTarget section */
		FA6DC19425E536F000640A63 /* WestCoast */ = {
			isa = PBXNativeTarget;
			buildConfigurationList = FA6DC1AC25E536F200640A63 /* Build configuration list for PBXNativeTarget "WestCoast" */;
			buildPhases = (
				FA6DC19125E536F000640A63 /* Sources */,
				FA6DC19225E536F000640A63 /* Frameworks */,
				FA6DC19325E536F000640A63 /* Resources */,
			);
			buildRules = (
			);
			dependencies = (
			);
			name = WestCoast;
			productName = WestCoast;
			productReference = FA6DC19525E536F000640A63 /* WestCoast.app */;
			productType = "com.apple.product-type.application";
		};
/* End PBXNativeTarget section */

/* Begin PBXProject section */
		FA6DC18D25E536F000640A63 /* Project object */ = {
			isa = PBXProject;
			attributes = {
				LastSwiftUpdateCheck = 1240;
				LastUpgradeCheck = 1240;
				TargetAttributes = {
					FA6DC19425E536F000640A63 = {
						CreatedOnToolsVersion = 12.4;
					};
				};
			};
			buildConfigurationList = FA6DC19025E536F000640A63 /* Build configuration list for PBXProject "WestCoast" */;
			compatibilityVersion = "Xcode 9.3";
			developmentRegion = en;
			hasScannedForEncodings = 0;
			knownRegions = (
				en,
				Base,
			);
			mainGroup = FA6DC18C25E536F000640A63;
			productRefGroup = FA6DC19625E536F000640A63 /* Products */;
			projectDirPath = "";
			projectRoot = "";
			targets = (
				FA6DC19425E536F000640A63 /* WestCoast */,
			);
		};
/* End PBXProject section */

/* Begin PBXResourcesBuildPhase section */
		FA6DC19325E536F000640A63 /* Resources */ = {
			isa = PBXResourcesBuildPhase;
			buildActionMask = 2147483647;
			files = (
				FA6DC1A825E536F200640A63 /* LaunchScreen.storyboard in Resources */,
				FA6DC1A525E536F200640A63 /* Assets.xcassets in Resources */,
				FA6DC1A025E536F000640A63 /* Main.storyboard in Resources */,
			);
			runOnlyForDeploymentPostprocessing = 0;
		};
/* End PBXResourcesBuildPhase section */

/* Begin PBXSourcesBuildPhase section */
		FA6DC19125E536F000640A63 /* Sources */ = {
			isa = PBXSourcesBuildPhase;
			buildActionMask = 2147483647;
			files = (
				FA6DC19D25E536F000640A63 /* ViewController.swift in Sources */,
				FA6DC19925E536F000640A63 /* AppDelegate.swift in Sources */,
				FA6DC19B25E536F000640A63 /* SceneDelegate.swift in Sources */,
				FA6DC1A325E536F000640A63 /* WestCoast.xcdatamodeld in Sources */,
			);
			runOnlyForDeploymentPostprocessing = 0;
		};
/* End PBXSourcesBuildPhase section */

/* Begin PBXVariantGroup section */
		FA6DC19E25E536F000640A63 /* Main.storyboard */ = {
			isa = PBXVariantGroup;
			children = (
				FA6DC19F25E536F000640A63 /* Base */,
			);
			name = Main.storyboard;
			sourceTree = "<group>";
		};
		FA6DC1A625E536F200640A63 /* LaunchScreen.storyboard */ = {
			isa = PBXVariantGroup;
			children = (
				FA6DC1A725E536F200640A63 /* Base */,
			);
			name = LaunchScreen.storyboard;
			sourceTree = "<group>";
		};
/* End PBXVariantGroup section */

/* Begin XCBuildConfiguration section */
		FA6DC1AA25E536F200640A63 /* Debug */ = {
			isa = XCBuildConfiguration;
			buildSettings = {
				ALWAYS_SEARCH_USER_PATHS = NO;
				CLANG_ANALYZER_NONNULL = YES;
				CLANG_ANALYZER_NUMBER_OBJECT_CONVERSION = YES_AGGRESSIVE;
				CLANG_CXX_LANGUAGE_STANDARD = "gnu++14";
				CLANG_CXX_LIBRARY = "libc++";
				CLANG_ENABLE_MODULES = YES;
				CLANG_ENABLE_OBJC_ARC = YES;
				CLANG_ENABLE_OBJC_WEAK = YES;
				CLANG_WARN_BLOCK_CAPTURE_AUTORELEASING = YES;
				CLANG_WARN_BOOL_CONVERSION = YES;
				CLANG_WARN_COMMA = YES;
				CLANG_WARN_CONSTANT_CONVERSION = YES;
				CLANG_WARN_DEPRECATED_OBJC_IMPLEMENTATIONS = YES;
				CLANG_WARN_DIRECT_OBJC_ISA_USAGE = YES_ERROR;
				CLANG_WARN_DOCUMENTATION_COMMENTS = YES;
				CLANG_WARN_EMPTY_BODY = YES;
				CLANG_WARN_ENUM_CONVERSION = YES;
				CLANG_WARN_INFINITE_RECURSION = YES;
				CLANG_WARN_INT_CONVERSION = YES;
				CLANG_WARN_NON_LITERAL_NULL_CONVERSION = YES;
				CLANG_WARN_OBJC_IMPLICIT_RETAIN_SELF = YES;
				CLANG_WARN_OBJC_LITERAL_CONVERSION = YES;
				CLANG_WARN_OBJC_ROOT_CLASS = YES_ERROR;
				CLANG_WARN_QUOTED_INCLUDE_IN_FRAMEWORK_HEADER = YES;
				CLANG_WARN_RANGE_LOOP_ANALYSIS = YES;
				CLANG_WARN_STRICT_PROTOTYPES = YES;
				CLANG_WARN_SUSPICIOUS_MOVE = YES;
				CLANG_WARN_UNGUARDED_AVAILABILITY = YES_AGGRESSIVE;
				CLANG_WARN_UNREACHABLE_CODE = YES;
				CLANG_WARN__DUPLICATE_METHOD_MATCH = YES;
				COPY_PHASE_STRIP = NO;
				DEBUG_INFORMATION_FORMAT = dwarf;
				ENABLE_STRICT_OBJC_MSGSEND = YES;
				ENABLE_TESTABILITY = YES;
				GCC_C_LANGUAGE_STANDARD = gnu11;
				GCC_DYNAMIC_NO_PIC = NO;
				GCC_NO_COMMON_BLOCKS = YES;
				GCC_OPTIMIZATION_LEVEL = 0;
				GCC_PREPROCESSOR_DEFINITIONS = (
					"DEBUG=1",
					"$(inherited)",
				);
				GCC_WARN_64_TO_32_BIT_CONVERSION = YES;
				GCC_WARN_ABOUT_RETURN_TYPE = YES_ERROR;
				GCC_WARN_UNDECLARED_SELECTOR = YES;
				GCC_WARN_UNINITIALIZED_AUTOS = YES_AGGRESSIVE;
				GCC_WARN_UNUSED_FUNCTION = YES;
				GCC_WARN_UNUSED_VARIABLE = YES;
				IPHONEOS_DEPLOYMENT_TARGET = 14.4;
				MTL_ENABLE_DEBUG_INFO = INCLUDE_SOURCE;
				MTL_FAST_MATH = YES;
				ONLY_ACTIVE_ARCH = YES;
				SDKROOT = iphoneos;
				SWIFT_ACTIVE_COMPILATION_CONDITIONS = DEBUG;
				SWIFT_OPTIMIZATION_LEVEL = "-Onone";
			};
			name = Debug;
		};
		FA6DC1AB25E536F200640A63 /* Release */ = {
			isa = XCBuildConfiguration;
			buildSettings = {
				ALWAYS_SEARCH_USER_PATHS = NO;
				CLANG_ANALYZER_NONNULL = YES;
				CLANG_ANALYZER_NUMBER_OBJECT_CONVERSION = YES_AGGRESSIVE;
				CLANG_CXX_LANGUAGE_STANDARD = "gnu++14";
				CLANG_CXX_LIBRARY = "libc++";
				CLANG_ENABLE_MODULES = YES;
				CLANG_ENABLE_OBJC_ARC = YES;
				CLANG_ENABLE_OBJC_WEAK = YES;
				CLANG_WARN_BLOCK_CAPTURE_AUTORELEASING = YES;
				CLANG_WARN_BOOL_CONVERSION = YES;
				CLANG_WARN_COMMA = YES;
				CLANG_WARN_CONSTANT_CONVERSION = YES;
				CLANG_WARN_DEPRECATED_OBJC_IMPLEMENTATIONS = YES;
				CLANG_WARN_DIRECT_OBJC_ISA_USAGE = YES_ERROR;
				CLANG_WARN_DOCUMENTATION_COMMENTS = YES;
				CLANG_WARN_EMPTY_BODY = YES;
				CLANG_WARN_ENUM_CONVERSION = YES;
				CLANG_WARN_INFINITE_RECURSION = YES;
				CLANG_WARN_INT_CONVERSION = YES;
				CLANG_WARN_NON_LITERAL_NULL_CONVERSION = YES;
				CLANG_WARN_OBJC_IMPLICIT_RETAIN_SELF = YES;
				CLANG_WARN_OBJC_LITERAL_CONVERSION = YES;
				CLANG_WARN_OBJC_ROOT_CLASS = YES_ERROR;
				CLANG_WARN_QUOTED_INCLUDE_IN_FRAMEWORK_HEADER = YES;
				CLANG_WARN_RANGE_LOOP_ANALYSIS = YES;
				CLANG_WARN_STRICT_PROTOTYPES = YES;
				CLANG_WARN_SUSPICIOUS_MOVE = YES;
				CLANG_WARN_UNGUARDED_AVAILABILITY = YES_AGGRESSIVE;
				CLANG_WARN_UNREACHABLE_CODE = YES;
				CLANG_WARN__DUPLICATE_METHOD_MATCH = YES;
				COPY_PHASE_STRIP = NO;
				DEBUG_INFORMATION_FORMAT = "dwarf-with-dsym";
				ENABLE_NS_ASSERTIONS = NO;
				ENABLE_STRICT_OBJC_MSGSEND = YES;
				GCC_C_LANGUAGE_STANDARD = gnu11;
				GCC_NO_COMMON_BLOCKS = YES;
				GCC_WARN_64_TO_32_BIT_CONVERSION = YES;
				GCC_WARN_ABOUT_RETURN_TYPE = YES_ERROR;
				GCC_WARN_UNDECLARED_SELECTOR = YES;
				GCC_WARN_UNINITIALIZED_AUTOS = YES_AGGRESSIVE;
				GCC_WARN_UNUSED_FUNCTION = YES;
				GCC_WARN_UNUSED_VARIABLE = YES;
				IPHONEOS_DEPLOYMENT_TARGET = 14.4;
				MTL_ENABLE_DEBUG_INFO = NO;
				MTL_FAST_MATH = YES;
				SDKROOT = iphoneos;
				SWIFT_COMPILATION_MODE = wholemodule;
				SWIFT_OPTIMIZATION_LEVEL = "-O";
				VALIDATE_PRODUCT = YES;
			};
			name = Release;
		};
		FA6DC1AD25E536F200640A63 /* Debug */ = {
			isa = XCBuildConfiguration;
			buildSettings = {
				ASSETCATALOG_COMPILER_APPICON_NAME = AppIcon;
				ASSETCATALOG_COMPILER_GLOBAL_ACCENT_COLOR_NAME = AccentColor;
				CODE_SIGN_STYLE = Automatic;
				INFOPLIST_FILE = WestCoast/Info.plist;
				LD_RUNPATH_SEARCH_PATHS = (
					"$(inherited)",
					"@executable_path/Frameworks",
				);
				PRODUCT_BUNDLE_IDENTIFIER = com.atlal.WestCoast;
				PRODUCT_NAME = "$(TARGET_NAME)";
				SWIFT_VERSION = 5.0;
				TARGETED_DEVICE_FAMILY = "1,2";
			};
			name = Debug;
		};
		FA6DC1AE25E536F200640A63 /* Release */ = {
			isa = XCBuildConfiguration;
			buildSettings = {
				ASSETCATALOG_COMPILER_APPICON_NAME = AppIcon;
				ASSETCATALOG_COMPILER_GLOBAL_ACCENT_COLOR_NAME = AccentColor;
				CODE_SIGN_STYLE = Automatic;
				INFOPLIST_FILE = WestCoast/Info.plist;
				LD_RUNPATH_SEARCH_PATHS = (
					"$(inherited)",
					"@executable_path/Frameworks",
				);
				PRODUCT_BUNDLE_IDENTIFIER = com.atlal.WestCoast;
				PRODUCT_NAME = "$(TARGET_NAME)";
				SWIFT_VERSION = 5.0;
				TARGETED_DEVICE_FAMILY = "1,2";
			};
			name = Release;
		};
/* End XCBuildConfiguration section */

/* Begin XCConfigurationList section */
		FA6DC19025E536F000640A63 /* Build configuration list for PBXProject "WestCoast" */ = {
			isa = XCConfigurationList;
			buildConfigurations = (
				FA6DC1AA25E536F200640A63 /* Debug */,
				FA6DC1AB25E536F200640A63 /* Release */,
			);
			defaultConfigurationIsVisible = 0;
			defaultConfigurationName = Release;
		};
		FA6DC1AC25E536F200640A63 /* Build configuration list for PBXNativeTarget "WestCoast" */ = {
			isa = XCConfigurationList;
			buildConfigurations = (
				FA6DC1AD25E536F200640A63 /* Debug */,
				FA6DC1AE25E536F200640A63 /* Release */,
			);
			defaultConfigurationIsVisible = 0;
			defaultConfigurationName = Release;
		};
/* End XCConfigurationList section */

/* Begin XCVersionGroup section */
		FA6DC1A125E536F000640A63 /* WestCoast.xcdatamodeld */ = {
			isa = XCVersionGroup;
			children = (
				FA6DC1A225E536F000640A63 /* WestCoast.xcdatamodel */,
			);
			currentVersion = FA6DC1A225E536F000640A63 /* WestCoast.xcdatamodel */;
			path = WestCoast.xcdatamodeld;
			sourceTree = "<group>";
			versionGroupType = wrapper.xcdatamodel;
		};
/* End XCVersionGroup section */
	};
	rootObject = FA6DC18D25E536F000640A63 /* Project object */;
}
